
Microsoft Visual Studio Solution File, Format Version 12.00
# Visual Studio 15
VisualStudioVersion = 15.0.28307.136
MinimumVisualStudioVersion = 10.0.40219.1
Project("{FAE04EC0-301F-11D3-BF4B-00C04F79EFBC}") = "NFine.Application", "NFine.Application\NFine.Application.csproj", "{F2035EE2-B73D-4FB8-A433-CAB465DE6A2A}"
EndProject
Project("{FAE04EC0-301F-11D3-BF4B-00C04F79EFBC}") = "NFine.Code", "NFine.Code\NFine.Code.csproj", "{DB19CE03-C307-43FE-A209-08AA4AE10E21}"
EndProject
Project("{FAE04EC0-301F-11D3-BF4B-00C04F79EFBC}") = "NFine.Data", "NFine.Data\NFine.Data.csproj", "{F71003E8-A836-48F4-9DF6-DF9095CEBD18}"
EndProject
Project("{FAE04EC0-301F-11D3-BF4B-00C04F79EFBC}") = "NFine.Domain", "NFine.Domain\NFine.Domain.csproj", "{7DC886CD-B8A0-44E8-AADD-57FCB0CFECB8}"
EndProject
Project("{FAE04EC0-301F-11D3-BF4B-00C04F79EFBC}") = "NFine.Mapping", "NFine.Mapping\NFine.Mapping.csproj", "{4E642CBE-F6C5-4CB9-9474-6B349652FE77}"
EndProject
Project("{FAE04EC0-301F-11D3-BF4B-00C04F79EFBC}") = "NFine.Repository", "NFine.Repository\NFine.Repository.csproj", "{875233BF-EA15-49E0-9A9C-77884A897FF6}"
EndProject
Project("{2150E333-8FDC-42A3-9474-1A3956D46DE8}") = "Base", "Base", "{D1C03ECD-6D24-4E7D-98ED-5EC9C0087AB9}"
EndProject
Project("{2150E333-8FDC-42A3-9474-1A3956D46DE8}") = "Domain", "Domain", "{BC3F1024-BC59-40C5-81A0-36C4A92B6F59}"
EndProject
Project("{FAE04EC0-301F-11D3-BF4B-00C04F79EFBC}") = "PinChe.DataServer", "PinChe.DataServer\PinChe.DataServer.csproj", "{EE80DC13-42BB-4122-ABD9-76CDD52F527E}"
EndProject
Project("{FAE04EC0-301F-11D3-BF4B-00C04F79EFBC}") = "LS.Framework", "LS.Framework\LS.Framework.csproj", "{630F64D3-0C5B-4357-96C4-CFCA26BEC14A}"
EndProject
Project("{FAE04EC0-301F-11D3-BF4B-00C04F79EFBC}") = "LS.Framework.Data", "LS.Framework.Data\LS.Framework.Data.csproj", "{B1AA4FE2-4EE4-461E-88BC-21C1C22B6000}"
EndProject
Project("{FAE04EC0-301F-11D3-BF4B-00C04F79EFBC}") = "LS.Framework.Repository", "LS.Framework.Repository\LS.Framework.Repository.csproj", "{40F29AEB-18F7-43EC-9436-DA3C7D6B13D5}"
EndProject
Project("{FAE04EC0-301F-11D3-BF4B-00C04F79EFBC}") = "LS.Framework.Models", "LS.Framework.Models\LS.Framework.Models.csproj", "{25CC3693-F201-447B-8495-CB3A023FFEA1}"
EndProject
Global
	GlobalSection(SolutionConfigurationPlatforms) = preSolution
		Debug|Any CPU = Debug|Any CPU
		Release|Any CPU = Release|Any CPU
	EndGlobalSection
	GlobalSection(ProjectConfigurationPlatforms) = postSolution
		{F2035EE2-B73D-4FB8-A433-CAB465DE6A2A}.Debug|Any CPU.ActiveCfg = Debug|Any CPU
		{F2035EE2-B73D-4FB8-A433-CAB465DE6A2A}.Debug|Any CPU.Build.0 = Debug|Any CPU
		{F2035EE2-B73D-4FB8-A433-CAB465DE6A2A}.Release|Any CPU.ActiveCfg = Release|Any CPU
		{F2035EE2-B73D-4FB8-A433-CAB465DE6A2A}.Release|Any CPU.Build.0 = Release|Any CPU
		{DB19CE03-C307-43FE-A209-08AA4AE10E21}.Debug|Any CPU.ActiveCfg = Debug|Any CPU
		{DB19CE03-C307-43FE-A209-08AA4AE10E21}.Debug|Any CPU.Build.0 = Debug|Any CPU
		{DB19CE03-C307-43FE-A209-08AA4AE10E21}.Release|Any CPU.ActiveCfg = Release|Any CPU
		{DB19CE03-C307-43FE-A209-08AA4AE10E21}.Release|Any CPU.Build.0 = Release|Any CPU
		{F71003E8-A836-48F4-9DF6-DF9095CEBD18}.Debug|Any CPU.ActiveCfg = Debug|Any CPU
		{F71003E8-A836-48F4-9DF6-DF9095CEBD18}.Debug|Any CPU.Build.0 = Debug|Any CPU
		{F71003E8-A836-48F4-9DF6-DF9095CEBD18}.Release|Any CPU.ActiveCfg = Release|Any CPU
		{F71003E8-A836-48F4-9DF6-DF9095CEBD18}.Release|Any CPU.Build.0 = Release|Any CPU
		{7DC886CD-B8A0-44E8-AADD-57FCB0CFECB8}.Debug|Any CPU.ActiveCfg = Debug|Any CPU
		{7DC886CD-B8A0-44E8-AADD-57FCB0CFECB8}.Debug|Any CPU.Build.0 = Debug|Any CPU
		{7DC886CD-B8A0-44E8-AADD-57FCB0CFECB8}.Release|Any CPU.ActiveCfg = Release|Any CPU
		{7DC886CD-B8A0-44E8-AADD-57FCB0CFECB8}.Release|Any CPU.Build.0 = Release|Any CPU
		{4E642CBE-F6C5-4CB9-9474-6B349652FE77}.Debug|Any CPU.ActiveCfg = Debug|Any CPU
		{4E642CBE-F6C5-4CB9-9474-6B349652FE77}.Debug|Any CPU.Build.0 = Debug|Any CPU
		{4E642CBE-F6C5-4CB9-9474-6B349652FE77}.Release|Any CPU.ActiveCfg = Release|Any CPU
		{4E642CBE-F6C5-4CB9-9474-6B349652FE77}.Release|Any CPU.Build.0 = Release|Any CPU
		{875233BF-EA15-49E0-9A9C-77884A897FF6}.Debug|Any CPU.ActiveCfg = Debug|Any CPU
		{875233BF-EA15-49E0-9A9C-77884A897FF6}.Debug|Any CPU.Build.0 = Debug|Any CPU
		{875233BF-EA15-49E0-9A9C-77884A897FF6}.Release|Any CPU.ActiveCfg = Release|Any CPU
		{875233BF-EA15-49E0-9A9C-77884A897FF6}.Release|Any CPU.Build.0 = Release|Any CPU
		{EE80DC13-42BB-4122-ABD9-76CDD52F527E}.Debug|Any CPU.ActiveCfg = Debug|Any CPU
		{EE80DC13-42BB-4122-ABD9-76CDD52F527E}.Debug|Any CPU.Build.0 = Debug|Any CPU
		{EE80DC13-42BB-4122-ABD9-76CDD52F527E}.Release|Any CPU.ActiveCfg = Release|Any CPU
		{EE80DC13-42BB-4122-ABD9-76CDD52F527E}.Release|Any CPU.Build.0 = Release|Any CPU
		{630F64D3-0C5B-4357-96C4-CFCA26BEC14A}.Debug|Any CPU.ActiveCfg = Debug|Any CPU
		{630F64D3-0C5B-4357-96C4-CFCA26BEC14A}.Debug|Any CPU.Build.0 = Debug|Any CPU
		{630F64D3-0C5B-4357-96C4-CFCA26BEC14A}.Release|Any CPU.ActiveCfg = Release|Any CPU
		{630F64D3-0C5B-4357-96C4-CFCA26BEC14A}.Release|Any CPU.Build.0 = Release|Any CPU
		{B1AA4FE2-4EE4-461E-88BC-21C1C22B6000}.Debug|Any CPU.ActiveCfg = Debug|Any CPU
		{B1AA4FE2-4EE4-461E-88BC-21C1C22B6000}.Debug|Any CPU.Build.0 = Debug|Any CPU
		{B1AA4FE2-4EE4-461E-88BC-21C1C22B6000}.Release|Any CPU.ActiveCfg = Release|Any CPU
		{B1AA4FE2-4EE4-461E-88BC-21C1C22B6000}.Release|Any CPU.Build.0 = Release|Any CPU
		{40F29AEB-18F7-43EC-9436-DA3C7D6B13D5}.Debug|Any CPU.ActiveCfg = Debug|Any CPU
		{40F29AEB-18F7-43EC-9436-DA3C7D6B13D5}.Debug|Any CPU.Build.0 = Debug|Any CPU
		{40F29AEB-18F7-43EC-9436-DA3C7D6B13D5}.Release|Any CPU.ActiveCfg = Release|Any CPU
		{40F29AEB-18F7-43EC-9436-DA3C7D6B13D5}.Release|Any CPU.Build.0 = Release|Any CPU
		{25CC3693-F201-447B-8495-CB3A023FFEA1}.Debug|Any CPU.ActiveCfg = Debug|Any CPU
		{25CC3693-F201-447B-8495-CB3A023FFEA1}.Debug|Any CPU.Build.0 = Debug|Any CPU
		{25CC3693-F201-447B-8495-CB3A023FFEA1}.Release|Any CPU.ActiveCfg = Release|Any CPU
		{25CC3693-F201-447B-8495-CB3A023FFEA1}.Release|Any CPU.Build.0 = Release|Any CPU
	EndGlobalSection
	GlobalSection(SolutionProperties) = preSolution
		HideSolutionNode = FALSE
	EndGlobalSection
	GlobalSection(NestedProjects) = preSolution
		{F2035EE2-B73D-4FB8-A433-CAB465DE6A2A} = {BC3F1024-BC59-40C5-81A0-36C4A92B6F59}
		{DB19CE03-C307-43FE-A209-08AA4AE10E21} = {D1C03ECD-6D24-4E7D-98ED-5EC9C0087AB9}
		{F71003E8-A836-48F4-9DF6-DF9095CEBD18} = {D1C03ECD-6D24-4E7D-98ED-5EC9C0087AB9}
		{7DC886CD-B8A0-44E8-AADD-57FCB0CFECB8} = {BC3F1024-BC59-40C5-81A0-36C4A92B6F59}
		{4E642CBE-F6C5-4CB9-9474-6B349652FE77} = {BC3F1024-BC59-40C5-81A0-36C4A92B6F59}
		{875233BF-EA15-49E0-9A9C-77884A897FF6} = {BC3F1024-BC59-40C5-81A0-36C4A92B6F59}
		{630F64D3-0C5B-4357-96C4-CFCA26BEC14A} = {D1C03ECD-6D24-4E7D-98ED-5EC9C0087AB9}
		{B1AA4FE2-4EE4-461E-88BC-21C1C22B6000} = {D1C03ECD-6D24-4E7D-98ED-5EC9C0087AB9}
		{40F29AEB-18F7-43EC-9436-DA3C7D6B13D5} = {BC3F1024-BC59-40C5-81A0-36C4A92B6F59}
		{25CC3693-F201-447B-8495-CB3A023FFEA1} = {BC3F1024-BC59-40C5-81A0-36C4A92B6F59}
	EndGlobalSection
	GlobalSection(ExtensibilityGlobals) = postSolution
		SolutionGuid = {D21AD998-5BA4-4A1B-B85B-58441464E29E}
	EndGlobalSection
EndGlobal
